
Microsoft Visual Studio Solution File, Format Version 12.00
# Visual Studio 15
VisualStudioVersion = 15.0.28307.168
MinimumVisualStudioVersion = 10.0.40219.1
Project("{FAE04EC0-301F-11D3-BF4B-00C04F79EFBC}") = "TARPWEB", "TARPWEB\TARPWEB.csproj", "{6877464E-0B16-4087-88E0-DDC6060E9DFD}"
EndProject
Global
	GlobalSection(SolutionConfigurationPlatforms) = preSolution
		Debug|Any CPU = Debug|Any CPU
		Release|Any CPU = Release|Any CPU
	EndGlobalSection
	GlobalSection(ProjectConfigurationPlatforms) = postSolution
		{6877464E-0B16-4087-88E0-DDC6060E9DFD}.Debug|Any CPU.ActiveCfg = Debug|Any CPU
		{6877464E-0B16-4087-88E0-DDC6060E9DFD}.Debug|Any CPU.Build.0 = Debug|Any CPU
		{6877464E-0B16-4087-88E0-DDC6060E9DFD}.Release|Any CPU.ActiveCfg = Release|Any CPU
		{6877464E-0B16-4087-88E0-DDC6060E9DFD}.Release|Any CPU.Build.0 = Release|Any CPU
	EndGlobalSection
	GlobalSection(SolutionProperties) = preSolution
		HideSolutionNode = FALSE
	EndGlobalSection
	GlobalSection(ExtensibilityGlobals) = postSolution
		SolutionGuid = {0CF58245-BFC0-4B41-AB85-3D14AF47C272}
	EndGlobalSection
EndGlobal
